
Microsoft Visual Studio Solution File, Format Version 12.00
# Visual Studio Version 17
VisualStudioVersion = 17.14.36623.8
MinimumVisualStudioVersion = 10.0.40219.1
Project("{FAE04EC0-301F-11D3-BF4B-00C04F79EFBC}") = "amFTPd", "amFTPd\amFTPd.csproj", "{A19DBC2C-93A2-4006-968C-E8DE7F594A7D}"
EndProject
Project("{2150E333-8FDC-42A3-9474-1A3956D46DE8}") = "Solution Items", "Solution Items", "{8EC462FD-D22E-90A8-E5CE-7E832BA40C5D}"
	ProjectSection(SolutionItems) = preProject
		version_history.txt = version_history.txt
	EndProjectSection
EndProject
Global
	GlobalSection(SolutionConfigurationPlatforms) = preSolution
		Debug|Any CPU = Debug|Any CPU
		Release|Any CPU = Release|Any CPU
	EndGlobalSection
	GlobalSection(ProjectConfigurationPlatforms) = postSolution
		{A19DBC2C-93A2-4006-968C-E8DE7F594A7D}.Debug|Any CPU.ActiveCfg = Debug|Any CPU
		{A19DBC2C-93A2-4006-968C-E8DE7F594A7D}.Debug|Any CPU.Build.0 = Debug|Any CPU
		{A19DBC2C-93A2-4006-968C-E8DE7F594A7D}.Release|Any CPU.ActiveCfg = Release|Any CPU
		{A19DBC2C-93A2-4006-968C-E8DE7F594A7D}.Release|Any CPU.Build.0 = Release|Any CPU
	EndGlobalSection
	GlobalSection(SolutionProperties) = preSolution
		HideSolutionNode = FALSE
	EndGlobalSection
	GlobalSection(ExtensibilityGlobals) = postSolution
		SolutionGuid = {E8A642A3-2E90-4DBA-9C98-1D7F698F8E30}
	EndGlobalSection
EndGlobal
